PODS:
  - SCrypto (4.0.0)
  - SocketRocket (0.5.1)

DEPENDENCIES:
  - SCrypto
  - SocketRocket

SPEC REPOS:
  https://github.com/cocoapods/specs.git:
    - SCrypto
    - SocketRocket

SPEC CHECKSUMS:
  SCrypto: e7b6b4e68b6fa524dbc6e391e85982c30832f425
  SocketRocket: d57c7159b83c3c6655745cd15302aa24b6bae531

PODFILE CHECKSUM: 1cb955f65116033ee9a5e0c4724457a2c66de4ef

COCOAPODS: 1.6.1
